// !$*UTF8*$!
{
	archiveVersion = 1;
	classes = {
	};
	objectVersion = 50;
	objects = {

/* Begin PBXBuildFile section */
		C31F6B7C24D9524B00382B0B /* SetNotificationsView.swift in Sources */ = {isa = PBXBuildFile; fileRef = C31F6B7B24D9524B00382B0B /* SetNotificationsView.swift */; };
		C31F6B7E24D9F3C800382B0B /* NotificationsInfoView.swift in Sources */ = {isa = PBXBuildFile; fileRef = C31F6B7D24D9F3C800382B0B /* NotificationsInfoView.swift */; };
		C321146824DC1C3B00C45786 /* MainHabitView.swift in Sources */ = {isa = PBXBuildFile; fileRef = C321146724DC1C3B00C45786 /* MainHabitView.swift */; };
		C321825824D8397B00280C45 /* TypologyNotifications.swift in Sources */ = {isa = PBXBuildFile; fileRef = C321825724D8397B00280C45 /* TypologyNotifications.swift */; };
		C3219E7C24CF28FE001CEF12 /* ProgressCircle.swift in Sources */ = {isa = PBXBuildFile; fileRef = C3219E7B24CF28FE001CEF12 /* ProgressCircle.swift */; };
		C3219E7E24CF4059001CEF12 /* ProgressBar.swift in Sources */ = {isa = PBXBuildFile; fileRef = C3219E7D24CF4059001CEF12 /* ProgressBar.swift */; };
		C322F5B424C7830100FC116A /* AppDelegate.swift in Sources */ = {isa = PBXBuildFile; fileRef = C322F5B324C7830100FC116A /* AppDelegate.swift */; };
		C322F5B624C7830100FC116A /* SceneDelegate.swift in Sources */ = {isa = PBXBuildFile; fileRef = C322F5B524C7830100FC116A /* SceneDelegate.swift */; };
		C322F5B924C7830100FC116A /* HabitTracker.xcdatamodeld in Sources */ = {isa = PBXBuildFile; fileRef = C322F5B724C7830100FC116A /* HabitTracker.xcdatamodeld */; };
		C322F5BB24C7830100FC116A /* ContentView.swift in Sources */ = {isa = PBXBuildFile; fileRef = C322F5BA24C7830100FC116A /* ContentView.swift */; };
		C322F5BD24C7830300FC116A /* Assets.xcassets in Resources */ = {isa = PBXBuildFile; fileRef = C322F5BC24C7830300FC116A /* Assets.xcassets */; };
		C322F5C024C7830300FC116A /* Preview Assets.xcassets in Resources */ = {isa = PBXBuildFile; fileRef = C322F5BF24C7830300FC116A /* Preview Assets.xcassets */; };
		C322F5C324C7830300FC116A /* LaunchScreen.storyboard in Resources */ = {isa = PBXBuildFile; fileRef = C322F5C124C7830300FC116A /* LaunchScreen.storyboard */; };
		C322F5CF24C7852400FC116A /* HabitView.swift in Sources */ = {isa = PBXBuildFile; fileRef = C322F5CE24C7852400FC116A /* HabitView.swift */; };
		C322F5D124C7858E00FC116A /* DetailHabitView.swift in Sources */ = {isa = PBXBuildFile; fileRef = C322F5D024C7858E00FC116A /* DetailHabitView.swift */; };
		C324166A24C88A1300984E30 /* Habit+CoreDataClass.swift in Sources */ = {isa = PBXBuildFile; fileRef = C324166824C88A1300984E30 /* Habit+CoreDataClass.swift */; };
		C324166B24C88A1300984E30 /* Habit+CoreDataProperties.swift in Sources */ = {isa = PBXBuildFile; fileRef = C324166924C88A1300984E30 /* Habit+CoreDataProperties.swift */; };
		C324166D24C8D32200984E30 /* ImagePicker.swift in Sources */ = {isa = PBXBuildFile; fileRef = C324166C24C8D32200984E30 /* ImagePicker.swift */; };
		C335028424D05838003FEEBE /* logo.jpg in Resources */ = {isa = PBXBuildFile; fileRef = C335028324D05838003FEEBE /* logo.jpg */; };
		C3509A1E24F9378D00DD94F5 /* Colors.swift in Sources */ = {isa = PBXBuildFile; fileRef = C3509A1D24F9378D00DD94F5 /* Colors.swift */; };
		C3B43E2824F516ED009380BA /* StatsView.swift in Sources */ = {isa = PBXBuildFile; fileRef = C3B43E2724F516ED009380BA /* StatsView.swift */; };
		C3B43E2A24F518D7009380BA /* InfoView.swift in Sources */ = {isa = PBXBuildFile; fileRef = C3B43E2924F518D7009380BA /* InfoView.swift */; };
		C3B43E2C24F51C60009380BA /* BarView.swift in Sources */ = {isa = PBXBuildFile; fileRef = C3B43E2B24F51C60009380BA /* BarView.swift */; };
/* End PBXBuildFile section */

/* Begin PBXFileReference section */
		C31F6B7B24D9524B00382B0B /* SetNotificationsView.swift */ = {isa = PBXFileReference; lastKnownFileType = sourcecode.swift; path = SetNotificationsView.swift; sourceTree = "<group>"; };
		C31F6B7D24D9F3C800382B0B /* NotificationsInfoView.swift */ = {isa = PBXFileReference; lastKnownFileType = sourcecode.swift; path = NotificationsInfoView.swift; sourceTree = "<group>"; };
		C321146724DC1C3B00C45786 /* MainHabitView.swift */ = {isa = PBXFileReference; lastKnownFileType = sourcecode.swift; path = MainHabitView.swift; sourceTree = "<group>"; };
		C321825724D8397B00280C45 /* TypologyNotifications.swift */ = {isa = PBXFileReference; lastKnownFileType = sourcecode.swift; path = TypologyNotifications.swift; sourceTree = "<group>"; };
		C3219E7B24CF28FE001CEF12 /* ProgressCircle.swift */ = {isa = PBXFileReference; lastKnownFileType = sourcecode.swift; path = ProgressCircle.swift; sourceTree = "<group>"; };
		C3219E7D24CF4059001CEF12 /* ProgressBar.swift */ = {isa = PBXFileReference; lastKnownFileType = sourcecode.swift; path = ProgressBar.swift; sourceTree = "<group>"; };
		C322F5B024C7830100FC116A /* HabitTracker.app */ = {isa = PBXFileReference; explicitFileType = wrapper.application; includeInIndex = 0; path = HabitTracker.app; sourceTree = BUILT_PRODUCTS_DIR; };
		C322F5B324C7830100FC116A /* AppDelegate.swift */ = {isa = PBXFileReference; lastKnownFileType = sourcecode.swift; path = AppDelegate.swift; sourceTree = "<group>"; };
		C322F5B524C7830100FC116A /* SceneDelegate.swift */ = {isa = PBXFileReference; lastKnownFileType = sourcecode.swift; path = SceneDelegate.swift; sourceTree = "<group>"; };
		C322F5B824C7830100FC116A /* HabitTracker.xcdatamodel */ = {isa = PBXFileReference; lastKnownFileType = wrapper.xcdatamodel; path = HabitTracker.xcdatamodel; sourceTree = "<group>"; };
		C322F5BA24C7830100FC116A /* ContentView.swift */ = {isa = PBXFileReference; lastKnownFileType = sourcecode.swift; path = ContentView.swift; sourceTree = "<group>"; };
		C322F5BC24C7830300FC116A /* Assets.xcassets */ = {isa = PBXFileReference; lastKnownFileType = folder.assetcatalog; path = Assets.xcassets; sourceTree = "<group>"; };
		C322F5BF24C7830300FC116A /* Preview Assets.xcassets */ = {isa = PBXFileReference; lastKnownFileType = folder.assetcatalog; path = "Preview Assets.xcassets"; sourceTree = "<group>"; };
		C322F5C224C7830300FC116A /* Base */ = {isa = PBXFileReference; lastKnownFileType = file.storyboard; name = Base; path = Base.lproj/LaunchScreen.storyboard; sourceTree = "<group>"; };
		C322F5C424C7830300FC116A /* Info.plist */ = {isa = PBXFileReference; lastKnownFileType = text.plist.xml; path = Info.plist; sourceTree = "<group>"; };
		C322F5CE24C7852400FC116A /* HabitView.swift */ = {isa = PBXFileReference; lastKnownFileType = sourcecode.swift; path = HabitView.swift; sourceTree = "<group>"; };
		C322F5D024C7858E00FC116A /* DetailHabitView.swift */ = {isa = PBXFileReference; lastKnownFileType = sourcecode.swift; path = DetailHabitView.swift; sourceTree = "<group>"; };
		C324166824C88A1300984E30 /* Habit+CoreDataClass.swift */ = {isa = PBXFileReference; lastKnownFileType = sourcecode.swift; path = "Habit+CoreDataClass.swift"; sourceTree = SOURCE_ROOT; };
		C324166924C88A1300984E30 /* Habit+CoreDataProperties.swift */ = {isa = PBXFileReference; lastKnownFileType = sourcecode.swift; path = "Habit+CoreDataProperties.swift"; sourceTree = SOURCE_ROOT; };
		C324166C24C8D32200984E30 /* ImagePicker.swift */ = {isa = PBXFileReference; lastKnownFileType = sourcecode.swift; path = ImagePicker.swift; sourceTree = "<group>"; };
		C335028324D05838003FEEBE /* logo.jpg */ = {isa = PBXFileReference; lastKnownFileType = image.jpeg; path = logo.jpg; sourceTree = "<group>"; };
		C3509A1D24F9378D00DD94F5 /* Colors.swift */ = {isa = PBXFileReference; lastKnownFileType = sourcecode.swift; path = Colors.swift; sourceTree = "<group>"; };
		C3B43E2724F516ED009380BA /* StatsView.swift */ = {isa = PBXFileReference; lastKnownFileType = sourcecode.swift; path = StatsView.swift; sourceTree = "<group>"; };
		C3B43E2924F518D7009380BA /* InfoView.swift */ = {isa = PBXFileReference; lastKnownFileType = sourcecode.swift; path = InfoView.swift; sourceTree = "<group>"; };
		C3B43E2B24F51C60009380BA /* BarView.swift */ = {isa = PBXFileReference; lastKnownFileType = sourcecode.swift; path = BarView.swift; sourceTree = "<group>"; };
/* End PBXFileReference section */

/* Begin PBXFrameworksBuildPhase section */
		C322F5AD24C7830100FC116A /* Frameworks */ = {
			isa = PBXFrameworksBuildPhase;
			buildActionMask = 2147483647;
			files = (
			);
			runOnlyForDeploymentPostprocessing = 0;
		};
/* End PBXFrameworksBuildPhase section */

/* Begin PBXGroup section */
		C322F5A724C7830100FC116A = {
			isa = PBXGroup;
			children = (
				C322F5B224C7830100FC116A /* HabitTracker */,
				C322F5B124C7830100FC116A /* Products */,
			);
			sourceTree = "<group>";
		};
		C322F5B124C7830100FC116A /* Products */ = {
			isa = PBXGroup;
			children = (
				C322F5B024C7830100FC116A /* HabitTracker.app */,
			);
			name = Products;
			sourceTree = "<group>";
		};
		C322F5B224C7830100FC116A /* HabitTracker */ = {
			isa = PBXGroup;
			children = (
				C324166824C88A1300984E30 /* Habit+CoreDataClass.swift */,
				C324166924C88A1300984E30 /* Habit+CoreDataProperties.swift */,
				C322F5B324C7830100FC116A /* AppDelegate.swift */,
				C322F5B524C7830100FC116A /* SceneDelegate.swift */,
				C322F5BA24C7830100FC116A /* ContentView.swift */,
				C3B43E2724F516ED009380BA /* StatsView.swift */,
				C3509A1D24F9378D00DD94F5 /* Colors.swift */,
				C3B43E2924F518D7009380BA /* InfoView.swift */,
				C3219E7B24CF28FE001CEF12 /* ProgressCircle.swift */,
				C3219E7D24CF4059001CEF12 /* ProgressBar.swift */,
				C322F5CE24C7852400FC116A /* HabitView.swift */,
				C321825724D8397B00280C45 /* TypologyNotifications.swift */,
				C324166C24C8D32200984E30 /* ImagePicker.swift */,
				C322F5D024C7858E00FC116A /* DetailHabitView.swift */,
				C321146724DC1C3B00C45786 /* MainHabitView.swift */,
				C3B43E2B24F51C60009380BA /* BarView.swift */,
				C31F6B7B24D9524B00382B0B /* SetNotificationsView.swift */,
				C31F6B7D24D9F3C800382B0B /* NotificationsInfoView.swift */,
				C335028324D05838003FEEBE /* logo.jpg */,
				C322F5BC24C7830300FC116A /* Assets.xcassets */,
				C322F5C124C7830300FC116A /* LaunchScreen.storyboard */,
				C322F5C424C7830300FC116A /* Info.plist */,
				C322F5B724C7830100FC116A /* HabitTracker.xcdatamodeld */,
				C322F5BE24C7830300FC116A /* Preview Content */,
			);
			path = HabitTracker;
			sourceTree = "<group>";
		};
		C322F5BE24C7830300FC116A /* Preview Content */ = {
			isa = PBXGroup;
			children = (
				C322F5BF24C7830300FC116A /* Preview Assets.xcassets */,
			);
			path = "Preview Content";
			sourceTree = "<group>";
		};
/* End PBXGroup section */

/* Begin PBXNativeTarget section */
		C322F5AF24C7830100FC116A /* HabitTracker */ = {
			isa = PBXNativeTarget;
			buildConfigurationList = C322F5C724C7830300FC116A /* Build configuration list for PBXNativeTarget "HabitTracker" */;
			buildPhases = (
				C322F5AC24C7830100FC116A /* Sources */,
				C322F5AD24C7830100FC116A /* Frameworks */,
				C322F5AE24C7830100FC116A /* Resources */,
			);
			buildRules = (
			);
			dependencies = (
			);
			name = HabitTracker;
			productName = HabitTracker;
			productReference = C322F5B024C7830100FC116A /* HabitTracker.app */;
			productType = "com.apple.product-type.application";
		};
/* End PBXNativeTarget section */

/* Begin PBXProject section */
		C322F5A824C7830100FC116A /* Project object */ = {
			isa = PBXProject;
			attributes = {
				LastSwiftUpdateCheck = 1150;
				LastUpgradeCheck = 1150;
				ORGANIZATIONNAME = "Donny G";
				TargetAttributes = {
					C322F5AF24C7830100FC116A = {
						CreatedOnToolsVersion = 11.5;
					};
				};
			};
			buildConfigurationList = C322F5AB24C7830100FC116A /* Build configuration list for PBXProject "HabitTracker" */;
			compatibilityVersion = "Xcode 9.3";
			developmentRegion = en;
			hasScannedForEncodings = 0;
			knownRegions = (
				en,
				Base,
			);
			mainGroup = C322F5A724C7830100FC116A;
			productRefGroup = C322F5B124C7830100FC116A /* Products */;
			projectDirPath = "";
			projectRoot = "";
			targets = (
				C322F5AF24C7830100FC116A /* HabitTracker */,
			);
		};
/* End PBXProject section */

/* Begin PBXResourcesBuildPhase section */
		C322F5AE24C7830100FC116A /* Resources */ = {
			isa = PBXResourcesBuildPhase;
			buildActionMask = 2147483647;
			files = (
				C335028424D05838003FEEBE /* logo.jpg in Resources */,
				C322F5C324C7830300FC116A /* LaunchScreen.storyboard in Resources */,
				C322F5C024C7830300FC116A /* Preview Assets.xcassets in Resources */,
				C322F5BD24C7830300FC116A /* Assets.xcassets in Resources */,
			);
			runOnlyForDeploymentPostprocessing = 0;
		};
/* End PBXResourcesBuildPhase section */

/* Begin PBXSourcesBuildPhase section */
		C322F5AC24C7830100FC116A /* Sources */ = {
			isa = PBXSourcesBuildPhase;
			buildActionMask = 2147483647;
			files = (
				C3B43E2C24F51C60009380BA /* BarView.swift in Sources */,
				C322F5B424C7830100FC116A /* AppDelegate.swift in Sources */,
				C31F6B7E24D9F3C800382B0B /* NotificationsInfoView.swift in Sources */,
				C3219E7E24CF4059001CEF12 /* ProgressBar.swift in Sources */,
				C322F5B624C7830100FC116A /* SceneDelegate.swift in Sources */,
				C3B43E2A24F518D7009380BA /* InfoView.swift in Sources */,
				C3B43E2824F516ED009380BA /* StatsView.swift in Sources */,
				C322F5CF24C7852400FC116A /* HabitView.swift in Sources */,
				C324166D24C8D32200984E30 /* ImagePicker.swift in Sources */,
				C3219E7C24CF28FE001CEF12 /* ProgressCircle.swift in Sources */,
				C322F5BB24C7830100FC116A /* ContentView.swift in Sources */,
				C31F6B7C24D9524B00382B0B /* SetNotificationsView.swift in Sources */,
				C3509A1E24F9378D00DD94F5 /* Colors.swift in Sources */,
				C321825824D8397B00280C45 /* TypologyNotifications.swift in Sources */,
				C321146824DC1C3B00C45786 /* MainHabitView.swift in Sources */,
				C324166B24C88A1300984E30 /* Habit+CoreDataProperties.swift in Sources */,
				C324166A24C88A1300984E30 /* Habit+CoreDataClass.swift in Sources */,
				C322F5D124C7858E00FC116A /* DetailHabitView.swift in Sources */,
				C322F5B924C7830100FC116A /* HabitTracker.xcdatamodeld in Sources */,
			);
			runOnlyForDeploymentPostprocessing = 0;
		};
/* End PBXSourcesBuildPhase section */

/* Begin PBXVariantGroup section */
		C322F5C124C7830300FC116A /* LaunchScreen.storyboard */ = {
			isa = PBXVariantGroup;
			children = (
				C322F5C224C7830300FC116A /* Base */,
			);
			name = LaunchScreen.storyboard;
			sourceTree = "<group>";
		};
/* End PBXVariantGroup section */

/* Begin XCBuildConfiguration section */
		C322F5C524C7830300FC116A /* Debug */ = {
			isa = XCBuildConfiguration;
			buildSettings = {
				ALWAYS_SEARCH_USER_PATHS = NO;
				CLANG_ANALYZER_NONNULL = YES;
				CLANG_ANALYZER_NUMBER_OBJECT_CONVERSION = YES_AGGRESSIVE;
				CLANG_CXX_LANGUAGE_STANDARD = "gnu++14";
				CLANG_CXX_LIBRARY = "libc++";
				CLANG_ENABLE_MODULES = YES;
				CLANG_ENABLE_OBJC_ARC = YES;
				CLANG_ENABLE_OBJC_WEAK = YES;
				CLANG_WARN_BLOCK_CAPTURE_AUTORELEASING = YES;
				CLANG_WARN_BOOL_CONVERSION = YES;
				CLANG_WARN_COMMA = YES;
				CLANG_WARN_CONSTANT_CONVERSION = YES;
				CLANG_WARN_DEPRECATED_OBJC_IMPLEMENTATIONS = YES;
				CLANG_WARN_DIRECT_OBJC_ISA_USAGE = YES_ERROR;
				CLANG_WARN_DOCUMENTATION_COMMENTS = YES;
				CLANG_WARN_EMPTY_BODY = YES;
				CLANG_WARN_ENUM_CONVERSION = YES;
				CLANG_WARN_INFINITE_RECURSION = YES;
				CLANG_WARN_INT_CONVERSION = YES;
				CLANG_WARN_NON_LITERAL_NULL_CONVERSION = YES;
				CLANG_WARN_OBJC_IMPLICIT_RETAIN_SELF = YES;
				CLANG_WARN_OBJC_LITERAL_CONVERSION = YES;
				CLANG_WARN_OBJC_ROOT_CLASS = YES_ERROR;
				CLANG_WARN_RANGE_LOOP_ANALYSIS = YES;
				CLANG_WARN_STRICT_PROTOTYPES = YES;
				CLANG_WARN_SUSPICIOUS_MOVE = YES;
				CLANG_WARN_UNGUARDED_AVAILABILITY = YES_AGGRESSIVE;
				CLANG_WARN_UNREACHABLE_CODE = YES;
				CLANG_WARN__DUPLICATE_METHOD_MATCH = YES;
				COPY_PHASE_STRIP = NO;
				DEBUG_INFORMATION_FORMAT = dwarf;
				ENABLE_STRICT_OBJC_MSGSEND = YES;
				ENABLE_TESTABILITY = YES;
				GCC_C_LANGUAGE_STANDARD = gnu11;
				GCC_DYNAMIC_NO_PIC = NO;
				GCC_NO_COMMON_BLOCKS = YES;
				GCC_OPTIMIZATION_LEVEL = 0;
				GCC_PREPROCESSOR_DEFINITIONS = (
					"DEBUG=1",
					"$(inherited)",
				);
				GCC_WARN_64_TO_32_BIT_CONVERSION = YES;
				GCC_WARN_ABOUT_RETURN_TYPE = YES_ERROR;
				GCC_WARN_UNDECLARED_SELECTOR = YES;
				GCC_WARN_UNINITIALIZED_AUTOS = YES_AGGRESSIVE;
				GCC_WARN_UNUSED_FUNCTION = YES;
				GCC_WARN_UNUSED_VARIABLE = YES;
				IPHONEOS_DEPLOYMENT_TARGET = 13.5;
				MTL_ENABLE_DEBUG_INFO = INCLUDE_SOURCE;
				MTL_FAST_MATH = YES;
				ONLY_ACTIVE_ARCH = YES;
				SDKROOT = iphoneos;
				SWIFT_ACTIVE_COMPILATION_CONDITIONS = DEBUG;
				SWIFT_OPTIMIZATION_LEVEL = "-Onone";
			};
			name = Debug;
		};
		C322F5C624C7830300FC116A /* Release */ = {
			isa = XCBuildConfiguration;
			buildSettings = {
				ALWAYS_SEARCH_USER_PATHS = NO;
				CLANG_ANALYZER_NONNULL = YES;
				CLANG_ANALYZER_NUMBER_OBJECT_CONVERSION = YES_AGGRESSIVE;
				CLANG_CXX_LANGUAGE_STANDARD = "gnu++14";
				CLANG_CXX_LIBRARY = "libc++";
				CLANG_ENABLE_MODULES = YES;
				CLANG_ENABLE_OBJC_ARC = YES;
				CLANG_ENABLE_OBJC_WEAK = YES;
				CLANG_WARN_BLOCK_CAPTURE_AUTORELEASING = YES;
				CLANG_WARN_BOOL_CONVERSION = YES;
				CLANG_WARN_COMMA = YES;
				CLANG_WARN_CONSTANT_CONVERSION = YES;
				CLANG_WARN_DEPRECATED_OBJC_IMPLEMENTATIONS = YES;
				CLANG_WARN_DIRECT_OBJC_ISA_USAGE = YES_ERROR;
				CLANG_WARN_DOCUMENTATION_COMMENTS = YES;
				CLANG_WARN_EMPTY_BODY = YES;
				CLANG_WARN_ENUM_CONVERSION = YES;
				CLANG_WARN_INFINITE_RECURSION = YES;
				CLANG_WARN_INT_CONVERSION = YES;
				CLANG_WARN_NON_LITERAL_NULL_CONVERSION = YES;
				CLANG_WARN_OBJC_IMPLICIT_RETAIN_SELF = YES;
				CLANG_WARN_OBJC_LITERAL_CONVERSION = YES;
				CLANG_WARN_OBJC_ROOT_CLASS = YES_ERROR;
				CLANG_WARN_RANGE_LOOP_ANALYSIS = YES;
				CLANG_WARN_STRICT_PROTOTYPES = YES;
				CLANG_WARN_SUSPICIOUS_MOVE = YES;
				CLANG_WARN_UNGUARDED_AVAILABILITY = YES_AGGRESSIVE;
				CLANG_WARN_UNREACHABLE_CODE = YES;
				CLANG_WARN__DUPLICATE_METHOD_MATCH = YES;
				COPY_PHASE_STRIP = NO;
				DEBUG_INFORMATION_FORMAT = "dwarf-with-dsym";
				ENABLE_NS_ASSERTIONS = NO;
				ENABLE_STRICT_OBJC_MSGSEND = YES;
				GCC_C_LANGUAGE_STANDARD = gnu11;
				GCC_NO_COMMON_BLOCKS = YES;
				GCC_WARN_64_TO_32_BIT_CONVERSION = YES;
				GCC_WARN_ABOUT_RETURN_TYPE = YES_ERROR;
				GCC_WARN_UNDECLARED_SELECTOR = YES;
				GCC_WARN_UNINITIALIZED_AUTOS = YES_AGGRESSIVE;
				GCC_WARN_UNUSED_FUNCTION = YES;
				GCC_WARN_UNUSED_VARIABLE = YES;
				IPHONEOS_DEPLOYMENT_TARGET = 13.5;
				MTL_ENABLE_DEBUG_INFO = NO;
				MTL_FAST_MATH = YES;
				SDKROOT = iphoneos;
				SWIFT_COMPILATION_MODE = wholemodule;
				SWIFT_OPTIMIZATION_LEVEL = "-O";
				VALIDATE_PRODUCT = YES;
			};
			name = Release;
		};
		C322F5C824C7830300FC116A /* Debug */ = {
			isa = XCBuildConfiguration;
			buildSettings = {
				ASSETCATALOG_COMPILER_APPICON_NAME = AppIcon;
				CODE_SIGN_STYLE = Automatic;
				DEVELOPMENT_ASSET_PATHS = "\"HabitTracker/Preview Content\"";
				DEVELOPMENT_TEAM = TL2K3UG7R4;
				ENABLE_PREVIEWS = YES;
				INFOPLIST_FILE = HabitTracker/Info.plist;
				LD_RUNPATH_SEARCH_PATHS = (
					"$(inherited)",
					"@executable_path/Frameworks",
				);
				PRODUCT_BUNDLE_IDENTIFIER = "Donny-G.HabitTracker";
				PRODUCT_NAME = "$(TARGET_NAME)";
				SWIFT_VERSION = 5.0;
				TARGETED_DEVICE_FAMILY = "1,2";
			};
			name = Debug;
		};
		C322F5C924C7830300FC116A /* Release */ = {
			isa = XCBuildConfiguration;
			buildSettings = {
				ASSETCATALOG_COMPILER_APPICON_NAME = AppIcon;
				CODE_SIGN_STYLE = Automatic;
				DEVELOPMENT_ASSET_PATHS = "\"HabitTracker/Preview Content\"";
				DEVELOPMENT_TEAM = TL2K3UG7R4;
				ENABLE_PREVIEWS = YES;
				INFOPLIST_FILE = HabitTracker/Info.plist;
				LD_RUNPATH_SEARCH_PATHS = (
					"$(inherited)",
					"@executable_path/Frameworks",
				);
				PRODUCT_BUNDLE_IDENTIFIER = "Donny-G.HabitTracker";
				PRODUCT_NAME = "$(TARGET_NAME)";
				SWIFT_VERSION = 5.0;
				TARGETED_DEVICE_FAMILY = "1,2";
			};
			name = Release;
		};
/* End XCBuildConfiguration section */

/* Begin XCConfigurationList section */
		C322F5AB24C7830100FC116A /* Build configuration list for PBXProject "HabitTracker" */ = {
			isa = XCConfigurationList;
			buildConfigurations = (
				C322F5C524C7830300FC116A /* Debug */,
				C322F5C624C7830300FC116A /* Release */,
			);
			defaultConfigurationIsVisible = 0;
			defaultConfigurationName = Release;
		};
		C322F5C724C7830300FC116A /* Build configuration list for PBXNativeTarget "HabitTracker" */ = {
			isa = XCConfigurationList;
			buildConfigurations = (
				C322F5C824C7830300FC116A /* Debug */,
				C322F5C924C7830300FC116A /* Release */,
			);
			defaultConfigurationIsVisible = 0;
			defaultConfigurationName = Release;
		};
/* End XCConfigurationList section */

/* Begin XCVersionGroup section */
		C322F5B724C7830100FC116A /* HabitTracker.xcdatamodeld */ = {
			isa = XCVersionGroup;
			children = (
				C322F5B824C7830100FC116A /* HabitTracker.xcdatamodel */,
			);
			currentVersion = C322F5B824C7830100FC116A /* HabitTracker.xcdatamodel */;
			path = HabitTracker.xcdatamodeld;
			sourceTree = "<group>";
			versionGroupType = wrapper.xcdatamodel;
		};
/* End XCVersionGroup section */
	};
	rootObject = C322F5A824C7830100FC116A /* Project object */;
}
